{
  "name": "pp_addon",
  "version": "1.0.0",
  "lockfileVersion": 3,
  "requires": true,
  "packages": {
    "": {
      "name": "pp_addon",
      "version": "1.0.0",
      "license": "ISC",
      "dependencies": {
        "dhtmlx-gantt": "^8.0.6",
        "frappe-gantt": "^0.6.1"
      }
    },
    "node_modules/dhtmlx-gantt": {
      "version": "8.0.6",
      "resolved": "https://registry.npmjs.org/dhtmlx-gantt/-/dhtmlx-gantt-8.0.6.tgz",
      "integrity": "sha512-GrEQ40/vgV1wDWkv/IvjJEM27Z4lDv76XvE5nlvMtFQTqUuo5VnL1XNDv/uFSJVMRnaN9StYaPxP1ebGamDLFg=="
    },
    "node_modules/frappe-gantt": {
      "version": "0.6.1",
      "resolved": "https://registry.npmjs.org/frappe-gantt/-/frappe-gantt-0.6.1.tgz",
      "integrity": "sha512-1cSU9vLbwypjzaxnCfnEE03Xr3HlAV2S8dRtjxw62o+amkx1A8bBIFd2jp84mcDdTCM77Ij4LzZBslAKZB8oMg=="
    }
  }
}
